// !$*UTF8*$!
{
	archiveVersion = 1;
	classes = {
	};
	objectVersion = 46;
	objects = {

/* Begin PBXBuildFile section */
		0EDA950419A1B90900F68023 /* Foundation.framework in Frameworks */ = {isa = PBXBuildFile; fileRef = 0EDA950319A1B90900F68023 /* Foundation.framework */; };
		0EDA950619A1B90900F68023 /* CoreGraphics.framework in Frameworks */ = {isa = PBXBuildFile; fileRef = 0EDA950519A1B90900F68023 /* CoreGraphics.framework */; };
		0EDA950819A1B90900F68023 /* UIKit.framework in Frameworks */ = {isa = PBXBuildFile; fileRef = 0EDA950719A1B90900F68023 /* UIKit.framework */; };
		0EDA950E19A1B90900F68023 /* InfoPlist.strings in Resources */ = {isa = PBXBuildFile; fileRef = 0EDA950C19A1B90900F68023 /* InfoPlist.strings */; };
		0EDA951019A1B90900F68023 /* main.m in Sources */ = {isa = PBXBuildFile; fileRef = 0EDA950F19A1B90900F68023 /* main.m */; };
		0EDA951419A1B90900F68023 /* LevelsFMAppDelegate.m in Sources */ = {isa = PBXBuildFile; fileRef = 0EDA951319A1B90900F68023 /* LevelsFMAppDelegate.m */; };
		0EDA951619A1B90900F68023 /* Images.xcassets in Resources */ = {isa = PBXBuildFile; fileRef = 0EDA951519A1B90900F68023 /* Images.xcassets */; };
		0EDA951D19A1B90A00F68023 /* XCTest.framework in Frameworks */ = {isa = PBXBuildFile; fileRef = 0EDA951C19A1B90A00F68023 /* XCTest.framework */; };
		0EDA951E19A1B90A00F68023 /* Foundation.framework in Frameworks */ = {isa = PBXBuildFile; fileRef = 0EDA950319A1B90900F68023 /* Foundation.framework */; };
		0EDA951F19A1B90A00F68023 /* UIKit.framework in Frameworks */ = {isa = PBXBuildFile; fileRef = 0EDA950719A1B90900F68023 /* UIKit.framework */; };
		0EDA952719A1B90A00F68023 /* InfoPlist.strings in Resources */ = {isa = PBXBuildFile; fileRef = 0EDA952519A1B90A00F68023 /* InfoPlist.strings */; };
		0EDA952919A1B90A00F68023 /* LevelsTests.m in Sources */ = {isa = PBXBuildFile; fileRef = 0EDA952819A1B90A00F68023 /* LevelsTests.m */; };
/* End PBXBuildFile section */

/* Begin PBXContainerItemProxy section */
		0EDA952019A1B90A00F68023 /* PBXContainerItemProxy */ = {
			isa = PBXContainerItemProxy;
			containerPortal = 0EDA94F819A1B90900F68023 /* Project object */;
			proxyType = 1;
			remoteGlobalIDString = 0EDA94FF19A1B90900F68023;
			remoteInfo = Levels;
		};
/* End PBXContainerItemProxy section */

/* Begin PBXFileReference section */
		0EDA950019A1B90900F68023 /* Levels.app */ = {isa = PBXFileReference; explicitFileType = wrapper.application; includeInIndex = 0; path = Levels.app; sourceTree = BUILT_PRODUCTS_DIR; };
		0EDA950319A1B90900F68023 /* Foundation.framework */ = {isa = PBXFileReference; lastKnownFileType = wrapper.framework; name = Foundation.framework; path = System/Library/Frameworks/Foundation.framework; sourceTree = SDKROOT; };
		0EDA950519A1B90900F68023 /* CoreGraphics.framework */ = {isa = PBXFileReference; lastKnownFileType = wrapper.framework; name = CoreGraphics.framework; path = System/Library/Frameworks/CoreGraphics.framework; sourceTree = SDKROOT; };
		0EDA950719A1B90900F68023 /* UIKit.framework */ = {isa = PBXFileReference; lastKnownFileType = wrapper.framework; name = UIKit.framework; path = System/Library/Frameworks/UIKit.framework; sourceTree = SDKROOT; };
		0EDA950B19A1B90900F68023 /* Levels-Info.plist */ = {isa = PBXFileReference; lastKnownFileType = text.plist.xml; path = "Levels-Info.plist"; sourceTree = "<group>"; };
		0EDA950D19A1B90900F68023 /* en */ = {isa = PBXFileReference; lastKnownFileType = text.plist.strings; name = en; path = en.lproj/InfoPlist.strings; sourceTree = "<group>"; };
		0EDA950F19A1B90900F68023 /* main.m */ = {isa = PBXFileReference; lastKnownFileType = sourcecode.c.objc; path = main.m; sourceTree = "<group>"; };
		0EDA951119A1B90900F68023 /* Levels-Prefix.pch */ = {isa = PBXFileReference; lastKnownFileType = sourcecode.c.h; path = "Levels-Prefix.pch"; sourceTree = "<group>"; };
		0EDA951219A1B90900F68023 /* LevelsFMAppDelegate.h */ = {isa = PBXFileReference; lastKnownFileType = sourcecode.c.h; path = LevelsFMAppDelegate.h; sourceTree = "<group>"; };
		0EDA951319A1B90900F68023 /* LevelsFMAppDelegate.m */ = {isa = PBXFileReference; lastKnownFileType = sourcecode.c.objc; path = LevelsFMAppDelegate.m; sourceTree = "<group>"; };
		0EDA951519A1B90900F68023 /* Images.xcassets */ = {isa = PBXFileReference; lastKnownFileType = folder.assetcatalog; path = Images.xcassets; sourceTree = "<group>"; };
		0EDA951B19A1B90A00F68023 /* LevelsTests.xctest */ = {isa = PBXFileReference; explicitFileType = wrapper.cfbundle; includeInIndex = 0; path = LevelsTests.xctest; sourceTree = BUILT_PRODUCTS_DIR; };
		0EDA951C19A1B90A00F68023 /* XCTest.framework */ = {isa = PBXFileReference; lastKnownFileType = wrapper.framework; name = XCTest.framework; path = Library/Frameworks/XCTest.framework; sourceTree = DEVELOPER_DIR; };
		0EDA952419A1B90A00F68023 /* LevelsTests-Info.plist */ = {isa = PBXFileReference; lastKnownFileType = text.plist.xml; path = "LevelsTests-Info.plist"; sourceTree = "<group>"; };
		0EDA952619A1B90A00F68023 /* en */ = {isa = PBXFileReference; lastKnownFileType = text.plist.strings; name = en; path = en.lproj/InfoPlist.strings; sourceTree = "<group>"; };
		0EDA952819A1B90A00F68023 /* LevelsTests.m */ = {isa = PBXFileReference; lastKnownFileType = sourcecode.c.objc; path = LevelsTests.m; sourceTree = "<group>"; };
/* End PBXFileReference section */

/* Begin PBXFrameworksBuildPhase section */
		0EDA94FD19A1B90900F68023 /* Frameworks */ = {
			isa = PBXFrameworksBuildPhase;
			buildActionMask = 2147483647;
			files = (
				0EDA950619A1B90900F68023 /* CoreGraphics.framework in Frameworks */,
				0EDA950819A1B90900F68023 /* UIKit.framework in Frameworks */,
				0EDA950419A1B90900F68023 /* Foundation.framework in Frameworks */,
			);
			runOnlyForDeploymentPostprocessing = 0;
		};
		0EDA951819A1B90A00F68023 /* Frameworks */ = {
			isa = PBXFrameworksBuildPhase;
			buildActionMask = 2147483647;
			files = (
				0EDA951D19A1B90A00F68023 /* XCTest.framework in Frameworks */,
				0EDA951F19A1B90A00F68023 /* UIKit.framework in Frameworks */,
				0EDA951E19A1B90A00F68023 /* Foundation.framework in Frameworks */,
			);
			runOnlyForDeploymentPostprocessing = 0;
		};
/* End PBXFrameworksBuildPhase section */

/* Begin PBXGroup section */
		0EDA94F719A1B90900F68023 = {
			isa = PBXGroup;
			children = (
				0EDA950919A1B90900F68023 /* Levels */,
				0EDA952219A1B90A00F68023 /* LevelsTests */,
				0EDA950219A1B90900F68023 /* Frameworks */,
				0EDA950119A1B90900F68023 /* Products */,
			);
			sourceTree = "<group>";
		};
		0EDA950119A1B90900F68023 /* Products */ = {
			isa = PBXGroup;
			children = (
				0EDA950019A1B90900F68023 /* Levels.app */,
				0EDA951B19A1B90A00F68023 /* LevelsTests.xctest */,
			);
			name = Products;
			sourceTree = "<group>";
		};
		0EDA950219A1B90900F68023 /* Frameworks */ = {
			isa = PBXGroup;
			children = (
				0EDA950319A1B90900F68023 /* Foundation.framework */,
				0EDA950519A1B90900F68023 /* CoreGraphics.framework */,
				0EDA950719A1B90900F68023 /* UIKit.framework */,
				0EDA951C19A1B90A00F68023 /* XCTest.framework */,
			);
			name = Frameworks;
			sourceTree = "<group>";
		};
		0EDA950919A1B90900F68023 /* Levels */ = {
			isa = PBXGroup;
			children = (
				0EDA951219A1B90900F68023 /* LevelsFMAppDelegate.h */,
				0EDA951319A1B90900F68023 /* LevelsFMAppDelegate.m */,
				0EDA951519A1B90900F68023 /* Images.xcassets */,
				0EDA950A19A1B90900F68023 /* Supporting Files */,
			);
			path = Levels;
			sourceTree = "<group>";
		};
		0EDA950A19A1B90900F68023 /* Supporting Files */ = {
			isa = PBXGroup;
			children = (
				0EDA950B19A1B90900F68023 /* Levels-Info.plist */,
				0EDA950C19A1B90900F68023 /* InfoPlist.strings */,
				0EDA950F19A1B90900F68023 /* main.m */,
				0EDA951119A1B90900F68023 /* Levels-Prefix.pch */,
			);
			name = "Supporting Files";
			sourceTree = "<group>";
		};
		0EDA952219A1B90A00F68023 /* LevelsTests */ = {
			isa = PBXGroup;
			children = (
				0EDA952819A1B90A00F68023 /* LevelsTests.m */,
				0EDA952319A1B90A00F68023 /* Supporting Files */,
			);
			path = LevelsTests;
			sourceTree = "<group>";
		};
		0EDA952319A1B90A00F68023 /* Supporting Files */ = {
			isa = PBXGroup;
			children = (
				0EDA952419A1B90A00F68023 /* LevelsTests-Info.plist */,
				0EDA952519A1B90A00F68023 /* InfoPlist.strings */,
			);
			name = "Supporting Files";
			sourceTree = "<group>";
		};
/* End PBXGroup section */

/* Begin PBXNativeTarget section */
		0EDA94FF19A1B90900F68023 /* Levels */ = {
			isa = PBXNativeTarget;
			buildConfigurationList = 0EDA952C19A1B90A00F68023 /* Build configuration list for PBXNativeTarget "Levels" */;
			buildPhases = (
				0EDA94FC19A1B90900F68023 /* Sources */,
				0EDA94FD19A1B90900F68023 /* Frameworks */,
				0EDA94FE19A1B90900F68023 /* Resources */,
			);
			buildRules = (
			);
			dependencies = (
			);
			name = Levels;
			productName = Levels;
			productReference = 0EDA950019A1B90900F68023 /* Levels.app */;
			productType = "com.apple.product-type.application";
		};
		0EDA951A19A1B90A00F68023 /* LevelsTests */ = {
			isa = PBXNativeTarget;
			buildConfigurationList = 0EDA952F19A1B90A00F68023 /* Build configuration list for PBXNativeTarget "LevelsTests" */;
			buildPhases = (
				0EDA951719A1B90A00F68023 /* Sources */,
				0EDA951819A1B90A00F68023 /* Frameworks */,
				0EDA951919A1B90A00F68023 /* Resources */,
			);
			buildRules = (
			);
			dependencies = (
				0EDA952119A1B90A00F68023 /* PBXTargetDependency */,
			);
			name = LevelsTests;
			productName = LevelsTests;
			productReference = 0EDA951B19A1B90A00F68023 /* LevelsTests.xctest */;
			productType = "com.apple.product-type.bundle.unit-test";
		};
/* End PBXNativeTarget section */

/* Begin PBXProject section */
		0EDA94F819A1B90900F68023 /* Project object */ = {
			isa = PBXProject;
			attributes = {
				CLASSPREFIX = LevelsFM;
				LastUpgradeCheck = 0510;
				ORGANIZATIONNAME = "David Turissini";
				TargetAttributes = {
					0EDA951A19A1B90A00F68023 = {
						TestTargetID = 0EDA94FF19A1B90900F68023;
					};
				};
			};
			buildConfigurationList = 0EDA94FB19A1B90900F68023 /* Build configuration list for PBXProject "Levels" */;
			compatibilityVersion = "Xcode 3.2";
			developmentRegion = English;
			hasScannedForEncodings = 0;
			knownRegions = (
				en,
			);
			mainGroup = 0EDA94F719A1B90900F68023;
			productRefGroup = 0EDA950119A1B90900F68023 /* Products */;
			projectDirPath = "";
			projectRoot = "";
			targets = (
				0EDA94FF19A1B90900F68023 /* Levels */,
				0EDA951A19A1B90A00F68023 /* LevelsTests */,
			);
		};
/* End PBXProject section */

/* Begin PBXResourcesBuildPhase section */
		0EDA94FE19A1B90900F68023 /* Resources */ = {
			isa = PBXResourcesBuildPhase;
			buildActionMask = 2147483647;
			files = (
				0EDA950E19A1B90900F68023 /* InfoPlist.strings in Resources */,
				0EDA951619A1B90900F68023 /* Images.xcassets in Resources */,
			);
			runOnlyForDeploymentPostprocessing = 0;
		};
		0EDA951919A1B90A00F68023 /* Resources */ = {
			isa = PBXResourcesBuildPhase;
			buildActionMask = 2147483647;
			files = (
				0EDA952719A1B90A00F68023 /* InfoPlist.strings in Resources */,
			);
			runOnlyForDeploymentPostprocessing = 0;
		};
/* End PBXResourcesBuildPhase section */

/* Begin PBXSourcesBuildPhase section */
		0EDA94FC19A1B90900F68023 /* Sources */ = {
			isa = PBXSourcesBuildPhase;
			buildActionMask = 2147483647;
			files = (
				0EDA951419A1B90900F68023 /* LevelsFMAppDelegate.m in Sources */,
				0EDA951019A1B90900F68023 /* main.m in Sources */,
			);
			runOnlyForDeploymentPostprocessing = 0;
		};
		0EDA951719A1B90A00F68023 /* Sources */ = {
			isa = PBXSourcesBuildPhase;
			buildActionMask = 2147483647;
			files = (
				0EDA952919A1B90A00F68023 /* LevelsTests.m in Sources */,
			);
			runOnlyForDeploymentPostprocessing = 0;
		};
/* End PBXSourcesBuildPhase section */

/* Begin PBXTargetDependency section */
		0EDA952119A1B90A00F68023 /* PBXTargetDependency */ = {
			isa = PBXTargetDependency;
			target = 0EDA94FF19A1B90900F68023 /* Levels */;
			targetProxy = 0EDA952019A1B90A00F68023 /* PBXContainerItemProxy */;
		};
/* End PBXTargetDependency section */

/* Begin PBXVariantGroup section */
		0EDA950C19A1B90900F68023 /* InfoPlist.strings */ = {
			isa = PBXVariantGroup;
			children = (
				0EDA950D19A1B90900F68023 /* en */,
			);
			name = InfoPlist.strings;
			sourceTree = "<group>";
		};
		0EDA952519A1B90A00F68023 /* InfoPlist.strings */ = {
			isa = PBXVariantGroup;
			children = (
				0EDA952619A1B90A00F68023 /* en */,
			);
			name = InfoPlist.strings;
			sourceTree = "<group>";
		};
/* End PBXVariantGroup section */

/* Begin XCBuildConfiguration section */
		0EDA952A19A1B90A00F68023 /* Debug */ = {
			isa = XCBuildConfiguration;
			buildSettings = {
				ALWAYS_SEARCH_USER_PATHS = NO;
				CLANG_CXX_LANGUAGE_STANDARD = "gnu++0x";
				CLANG_CXX_LIBRARY = "libc++";
				CLANG_ENABLE_MODULES = YES;
				CLANG_ENABLE_OBJC_ARC = YES;
				CLANG_WARN_BOOL_CONVERSION = YES;
				CLANG_WARN_CONSTANT_CONVERSION = YES;
				CLANG_WARN_DIRECT_OBJC_ISA_USAGE = YES_ERROR;
				CLANG_WARN_EMPTY_BODY = YES;
				CLANG_WARN_ENUM_CONVERSION = YES;
				CLANG_WARN_INT_CONVERSION = YES;
				CLANG_WARN_OBJC_ROOT_CLASS = YES_ERROR;
				CLANG_WARN__DUPLICATE_METHOD_MATCH = YES;
				"CODE_SIGN_IDENTITY[sdk=iphoneos*]" = "iPhone Developer";
				COPY_PHASE_STRIP = NO;
				GCC_C_LANGUAGE_STANDARD = gnu99;
				GCC_DYNAMIC_NO_PIC = NO;
				GCC_OPTIMIZATION_LEVEL = 0;
				GCC_PREPROCESSOR_DEFINITIONS = (
					"DEBUG=1",
					"$(inherited)",
				);
				GCC_SYMBOLS_PRIVATE_EXTERN = NO;
				GCC_WARN_64_TO_32_BIT_CONVERSION = YES;
				GCC_WARN_ABOUT_RETURN_TYPE = YES_ERROR;
				GCC_WARN_UNDECLARED_SELECTOR = YES;
				GCC_WARN_UNINITIALIZED_AUTOS = YES_AGGRESSIVE;
				GCC_WARN_UNUSED_FUNCTION = YES;
				GCC_WARN_UNUSED_VARIABLE = YES;
				IPHONEOS_DEPLOYMENT_TARGET = 7.1;
				ONLY_ACTIVE_ARCH = YES;
				SDKROOT = iphoneos;
				TARGETED_DEVICE_FAMILY = "1,2";
			};
			name = Debug;
		};
		0EDA952B19A1B90A00F68023 /* Release */ = {
			isa = XCBuildConfiguration;
			buildSettings = {
				ALWAYS_SEARCH_USER_PATHS = NO;
				CLANG_CXX_LANGUAGE_STANDARD = "gnu++0x";
				CLANG_CXX_LIBRARY = "libc++";
				CLANG_ENABLE_MODULES = YES;
				CLANG_ENABLE_OBJC_ARC = YES;
				CLANG_WARN_BOOL_CONVERSION = YES;
				CLANG_WARN_CONSTANT_CONVERSION = YES;
				CLANG_WARN_DIRECT_OBJC_ISA_USAGE = YES_ERROR;
				CLANG_WARN_EMPTY_BODY = YES;
				CLANG_WARN_ENUM_CONVERSION = YES;
				CLANG_WARN_INT_CONVERSION = YES;
				CLANG_WARN_OBJC_ROOT_CLASS = YES_ERROR;
				CLANG_WARN__DUPLICATE_METHOD_MATCH = YES;
				"CODE_SIGN_IDENTITY[sdk=iphoneos*]" = "iPhone Developer";
				COPY_PHASE_STRIP = YES;
				ENABLE_NS_ASSERTIONS = NO;
				GCC_C_LANGUAGE_STANDARD = gnu99;
				GCC_WARN_64_TO_32_BIT_CONVERSION = YES;
				GCC_WARN_ABOUT_RETURN_TYPE = YES_ERROR;
				GCC_WARN_UNDECLARED_SELECTOR = YES;
				GCC_WARN_UNINITIALIZED_AUTOS = YES_AGGRESSIVE;
				GCC_WARN_UNUSED_FUNCTION = YES;
				GCC_WARN_UNUSED_VARIABLE = YES;
				IPHONEOS_DEPLOYMENT_TARGET = 7.1;
				SDKROOT = iphoneos;
				TARGETED_DEVICE_FAMILY = "1,2";
				VALIDATE_PRODUCT = YES;
			};
			name = Release;
		};
		0EDA952D19A1B90A00F68023 /* Debug */ = {
			isa = XCBuildConfiguration;
			buildSettings = {
				ASSETCATALOG_COMPILER_APPICON_NAME = AppIcon;
				ASSETCATALOG_COMPILER_LAUNCHIMAGE_NAME = LaunchImage;
				GCC_PRECOMPILE_PREFIX_HEADER = YES;
				GCC_PREFIX_HEADER = "Levels/Levels-Prefix.pch";
				INFOPLIST_FILE = "Levels/Levels-Info.plist";
				PRODUCT_NAME = "$(TARGET_NAME)";
				WRAPPER_EXTENSION = app;
			};
			name = Debug;
		};
		0EDA952E19A1B90A00F68023 /* Release */ = {
			isa = XCBuildConfiguration;
			buildSettings = {
				ASSETCATALOG_COMPILER_APPICON_NAME = AppIcon;
				ASSETCATALOG_COMPILER_LAUNCHIMAGE_NAME = LaunchImage;
				GCC_PRECOMPILE_PREFIX_HEADER = YES;
				GCC_PREFIX_HEADER = "Levels/Levels-Prefix.pch";
				INFOPLIST_FILE = "Levels/Levels-Info.plist";
				PRODUCT_NAME = "$(TARGET_NAME)";
				WRAPPER_EXTENSION = app;
			};
			name = Release;
		};
		0EDA953019A1B90A00F68023 /* Debug */ = {
			isa = XCBuildConfiguration;
			buildSettings = {
				BUNDLE_LOADER = "$(BUILT_PRODUCTS_DIR)/Levels.app/Levels";
				FRAMEWORK_SEARCH_PATHS = (
					"$(SDKROOT)/Developer/Library/Frameworks",
					"$(inherited)",
					"$(DEVELOPER_FRAMEWORKS_DIR)",
				);
				GCC_PRECOMPILE_PREFIX_HEADER = YES;
				GCC_PREFIX_HEADER = "Levels/Levels-Prefix.pch";
				GCC_PREPROCESSOR_DEFINITIONS = (
					"DEBUG=1",
					"$(inherited)",
				);
				INFOPLIST_FILE = "LevelsTests/LevelsTests-Info.plist";
				PRODUCT_NAME = "$(TARGET_NAME)";
				TEST_HOST = "$(BUNDLE_LOADER)";
				WRAPPER_EXTENSION = xctest;
			};
			name = Debug;
		};
		0EDA953119A1B90A00F68023 /* Release */ = {
			isa = XCBuildConfiguration;
			buildSettings = {
				BUNDLE_LOADER = "$(BUILT_PRODUCTS_DIR)/Levels.app/Levels";
				FRAMEWORK_SEARCH_PATHS = (
					"$(SDKROOT)/Developer/Library/Frameworks",
					"$(inherited)",
					"$(DEVELOPER_FRAMEWORKS_DIR)",
				);
				GCC_PRECOMPILE_PREFIX_HEADER = YES;
				GCC_PREFIX_HEADER = "Levels/Levels-Prefix.pch";
				INFOPLIST_FILE = "LevelsTests/LevelsTests-Info.plist";
				PRODUCT_NAME = "$(TARGET_NAME)";
				TEST_HOST = "$(BUNDLE_LOADER)";
				WRAPPER_EXTENSION = xctest;
			};
			name = Release;
		};
/* End XCBuildConfiguration section */

/* Begin XCConfigurationList section */
		0EDA94FB19A1B90900F68023 /* Build configuration list for PBXProject "Levels" */ = {
			isa = XCConfigurationList;
			buildConfigurations = (
				0EDA952A19A1B90A00F68023 /* Debug */,
				0EDA952B19A1B90A00F68023 /* Release */,
			);
			defaultConfigurationIsVisible = 0;
			defaultConfigurationName = Release;
		};
		0EDA952C19A1B90A00F68023 /* Build configuration list for PBXNativeTarget "Levels" */ = {
			isa = XCConfigurationList;
			buildConfigurations = (
				0EDA952D19A1B90A00F68023 /* Debug */,
				0EDA952E19A1B90A00F68023 /* Release */,
			);
			defaultConfigurationIsVisible = 0;
		};
		0EDA952F19A1B90A00F68023 /* Build configuration list for PBXNativeTarget "LevelsTests" */ = {
			isa = XCConfigurationList;
			buildConfigurations = (
				0EDA953019A1B90A00F68023 /* Debug */,
				0EDA953119A1B90A00F68023 /* Release */,
			);
			defaultConfigurationIsVisible = 0;
		};
/* End XCConfigurationList section */
	};
	rootObject = 0EDA94F819A1B90900F68023 /* Project object */;
}
